// !$*UTF8*$!
{
	archiveVersion = 1;
	classes = {
	};
	objectVersion = 56;
	objects = {

/* Begin PBXBuildFile section */
		59D62AEE295A75ED00325068 /* AppDelegate.swift in Sources */ = {isa = PBXBuildFile; fileRef = 59D62AED295A75ED00325068 /* AppDelegate.swift */; };
		59D62AF7295A75F000325068 /* Assets.xcassets in Resources */ = {isa = PBXBuildFile; fileRef = 59D62AF6295A75F000325068 /* Assets.xcassets */; };
		59D62AFA295A75F000325068 /* LaunchScreen.storyboard in Resources */ = {isa = PBXBuildFile; fileRef = 59D62AF8295A75F000325068 /* LaunchScreen.storyboard */; };
		59D62B0E295A7B5B00325068 /* RMLocation.swift in Sources */ = {isa = PBXBuildFile; fileRef = 59D62B0D295A7B5B00325068 /* RMLocation.swift */; };
		59D62B10295A7B6C00325068 /* RMCharacter.swift in Sources */ = {isa = PBXBuildFile; fileRef = 59D62B0F295A7B6C00325068 /* RMCharacter.swift */; };
		59D62B12295A7B8500325068 /* RMEpisode.swift in Sources */ = {isa = PBXBuildFile; fileRef = 59D62B11295A7B8500325068 /* RMEpisode.swift */; };
		59D62B14295A7BCD00325068 /* Tabbar.swift in Sources */ = {isa = PBXBuildFile; fileRef = 59D62B13295A7BCD00325068 /* Tabbar.swift */; };
		59D62B18295A7C9400325068 /* RMCharacterVC.swift in Sources */ = {isa = PBXBuildFile; fileRef = 59D62B16295A7C9400325068 /* RMCharacterVC.swift */; };
		59D62B19295A7C9400325068 /* RMCharacterVC.xib in Resources */ = {isa = PBXBuildFile; fileRef = 59D62B17295A7C9400325068 /* RMCharacterVC.xib */; };
		59D62B20295A7CCA00325068 /* RMEpisodeVC.swift in Sources */ = {isa = PBXBuildFile; fileRef = 59D62B1E295A7CCA00325068 /* RMEpisodeVC.swift */; };
		59D62B21295A7CCA00325068 /* RMEpisodeVC.xib in Resources */ = {isa = PBXBuildFile; fileRef = 59D62B1F295A7CCA00325068 /* RMEpisodeVC.xib */; };
		59D62B24295A7CE800325068 /* RMSettingsVC.swift in Sources */ = {isa = PBXBuildFile; fileRef = 59D62B22295A7CE800325068 /* RMSettingsVC.swift */; };
		59D62B25295A7CE800325068 /* RMSettingsVC.xib in Resources */ = {isa = PBXBuildFile; fileRef = 59D62B23295A7CE800325068 /* RMSettingsVC.xib */; };
		59D62B28295A7FD000325068 /* RMLocationVC.swift in Sources */ = {isa = PBXBuildFile; fileRef = 59D62B26295A7FD000325068 /* RMLocationVC.swift */; };
		59D62B29295A7FD000325068 /* RMLocationVC.xib in Resources */ = {isa = PBXBuildFile; fileRef = 59D62B27295A7FD000325068 /* RMLocationVC.xib */; };
/* End PBXBuildFile section */

/* Begin PBXFileReference section */
		59D62AEA295A75ED00325068 /* RickAndMorty.app */ = {isa = PBXFileReference; explicitFileType = wrapper.application; includeInIndex = 0; path = RickAndMorty.app; sourceTree = BUILT_PRODUCTS_DIR; };
		59D62AED295A75ED00325068 /* AppDelegate.swift */ = {isa = PBXFileReference; lastKnownFileType = sourcecode.swift; path = AppDelegate.swift; sourceTree = "<group>"; };
		59D62AF6295A75F000325068 /* Assets.xcassets */ = {isa = PBXFileReference; lastKnownFileType = folder.assetcatalog; path = Assets.xcassets; sourceTree = "<group>"; };
		59D62AF9295A75F000325068 /* Base */ = {isa = PBXFileReference; lastKnownFileType = file.storyboard; name = Base; path = Base.lproj/LaunchScreen.storyboard; sourceTree = "<group>"; };
		59D62AFB295A75F000325068 /* Info.plist */ = {isa = PBXFileReference; lastKnownFileType = text.plist.xml; path = Info.plist; sourceTree = "<group>"; };
		59D62B0D295A7B5B00325068 /* RMLocation.swift */ = {isa = PBXFileReference; lastKnownFileType = sourcecode.swift; path = RMLocation.swift; sourceTree = "<group>"; };
		59D62B0F295A7B6C00325068 /* RMCharacter.swift */ = {isa = PBXFileReference; lastKnownFileType = sourcecode.swift; path = RMCharacter.swift; sourceTree = "<group>"; };
		59D62B11295A7B8500325068 /* RMEpisode.swift */ = {isa = PBXFileReference; lastKnownFileType = sourcecode.swift; path = RMEpisode.swift; sourceTree = "<group>"; };
		59D62B13295A7BCD00325068 /* Tabbar.swift */ = {isa = PBXFileReference; lastKnownFileType = sourcecode.swift; path = Tabbar.swift; sourceTree = "<group>"; };
		59D62B16295A7C9400325068 /* RMCharacterVC.swift */ = {isa = PBXFileReference; lastKnownFileType = sourcecode.swift; path = RMCharacterVC.swift; sourceTree = "<group>"; };
		59D62B17295A7C9400325068 /* RMCharacterVC.xib */ = {isa = PBXFileReference; lastKnownFileType = file.xib; path = RMCharacterVC.xib; sourceTree = "<group>"; };
		59D62B1E295A7CCA00325068 /* RMEpisodeVC.swift */ = {isa = PBXFileReference; lastKnownFileType = sourcecode.swift; path = RMEpisodeVC.swift; sourceTree = "<group>"; };
		59D62B1F295A7CCA00325068 /* RMEpisodeVC.xib */ = {isa = PBXFileReference; lastKnownFileType = file.xib; path = RMEpisodeVC.xib; sourceTree = "<group>"; };
		59D62B22295A7CE800325068 /* RMSettingsVC.swift */ = {isa = PBXFileReference; lastKnownFileType = sourcecode.swift; path = RMSettingsVC.swift; sourceTree = "<group>"; };
		59D62B23295A7CE800325068 /* RMSettingsVC.xib */ = {isa = PBXFileReference; lastKnownFileType = file.xib; path = RMSettingsVC.xib; sourceTree = "<group>"; };
		59D62B26295A7FD000325068 /* RMLocationVC.swift */ = {isa = PBXFileReference; lastKnownFileType = sourcecode.swift; path = RMLocationVC.swift; sourceTree = "<group>"; };
		59D62B27295A7FD000325068 /* RMLocationVC.xib */ = {isa = PBXFileReference; lastKnownFileType = file.xib; path = RMLocationVC.xib; sourceTree = "<group>"; };
/* End PBXFileReference section */

/* Begin PBXFrameworksBuildPhase section */
		59D62AE7295A75ED00325068 /* Frameworks */ = {
			isa = PBXFrameworksBuildPhase;
			buildActionMask = 2147483647;
			files = (
			);
			runOnlyForDeploymentPostprocessing = 0;
		};
/* End PBXFrameworksBuildPhase section */

/* Begin PBXGroup section */
		59D62AE1295A75ED00325068 = {
			isa = PBXGroup;
			children = (
				59D62AEC295A75ED00325068 /* RickAndMorty */,
				59D62AEB295A75ED00325068 /* Products */,
			);
			sourceTree = "<group>";
		};
		59D62AEB295A75ED00325068 /* Products */ = {
			isa = PBXGroup;
			children = (
				59D62AEA295A75ED00325068 /* RickAndMorty.app */,
			);
			name = Products;
			sourceTree = "<group>";
		};
		59D62AEC295A75ED00325068 /* RickAndMorty */ = {
			isa = PBXGroup;
			children = (
				59D62B0C295A7A8C00325068 /* Resources */,
				59D62B0B295A7A8100325068 /* Managers */,
				59D62B09295A7A5700325068 /* APIClients */,
				59D62B08295A7A4800325068 /* Views */,
				59D62B07295A7A3700325068 /* ViewModels */,
				59D62B06295A7A0B00325068 /* Models */,
				59D62B05295A7A0300325068 /* Controllers */,
				59D62AFB295A75F000325068 /* Info.plist */,
			);
			path = RickAndMorty;
			sourceTree = "<group>";
		};
		59D62B05295A7A0300325068 /* Controllers */ = {
			isa = PBXGroup;
			children = (
				59D62B15295A7C3700325068 /* Core */,
			);
			path = Controllers;
			sourceTree = "<group>";
		};
		59D62B06295A7A0B00325068 /* Models */ = {
			isa = PBXGroup;
			children = (
				59D62B0D295A7B5B00325068 /* RMLocation.swift */,
				59D62B0F295A7B6C00325068 /* RMCharacter.swift */,
				59D62B11295A7B8500325068 /* RMEpisode.swift */,
			);
			path = Models;
			sourceTree = "<group>";
		};
		59D62B07295A7A3700325068 /* ViewModels */ = {
			isa = PBXGroup;
			children = (
			);
			path = ViewModels;
			sourceTree = "<group>";
		};
		59D62B08295A7A4800325068 /* Views */ = {
			isa = PBXGroup;
			children = (
			);
			path = Views;
			sourceTree = "<group>";
		};
		59D62B09295A7A5700325068 /* APIClients */ = {
			isa = PBXGroup;
			children = (
			);
			path = APIClients;
			sourceTree = "<group>";
		};
		59D62B0B295A7A8100325068 /* Managers */ = {
			isa = PBXGroup;
			children = (
			);
			path = Managers;
			sourceTree = "<group>";
		};
		59D62B0C295A7A8C00325068 /* Resources */ = {
			isa = PBXGroup;
			children = (
				59D62AED295A75ED00325068 /* AppDelegate.swift */,
				59D62AF6295A75F000325068 /* Assets.xcassets */,
				59D62AF8295A75F000325068 /* LaunchScreen.storyboard */,
			);
			path = Resources;
			sourceTree = "<group>";
		};
		59D62B15295A7C3700325068 /* Core */ = {
			isa = PBXGroup;
			children = (
				59D62B13295A7BCD00325068 /* Tabbar.swift */,
				59D62B16295A7C9400325068 /* RMCharacterVC.swift */,
				59D62B17295A7C9400325068 /* RMCharacterVC.xib */,
				59D62B1E295A7CCA00325068 /* RMEpisodeVC.swift */,
				59D62B1F295A7CCA00325068 /* RMEpisodeVC.xib */,
				59D62B22295A7CE800325068 /* RMSettingsVC.swift */,
				59D62B23295A7CE800325068 /* RMSettingsVC.xib */,
				59D62B26295A7FD000325068 /* RMLocationVC.swift */,
				59D62B27295A7FD000325068 /* RMLocationVC.xib */,
			);
			path = Core;
			sourceTree = "<group>";
		};
/* End PBXGroup section */

/* Begin PBXNativeTarget section */
		59D62AE9295A75ED00325068 /* RickAndMorty */ = {
			isa = PBXNativeTarget;
			buildConfigurationList = 59D62AFE295A75F000325068 /* Build configuration list for PBXNativeTarget "RickAndMorty" */;
			buildPhases = (
				59D62AE6295A75ED00325068 /* Sources */,
				59D62AE7295A75ED00325068 /* Frameworks */,
				59D62AE8295A75ED00325068 /* Resources */,
			);
			buildRules = (
			);
			dependencies = (
			);
			name = RickAndMorty;
			productName = RickAndMorty;
			productReference = 59D62AEA295A75ED00325068 /* RickAndMorty.app */;
			productType = "com.apple.product-type.application";
		};
/* End PBXNativeTarget section */

/* Begin PBXProject section */
		59D62AE2295A75ED00325068 /* Project object */ = {
			isa = PBXProject;
			attributes = {
				BuildIndependentTargetsInParallel = 1;
				LastSwiftUpdateCheck = 1400;
				LastUpgradeCheck = 1400;
				TargetAttributes = {
					59D62AE9295A75ED00325068 = {
						CreatedOnToolsVersion = 14.0;
					};
				};
			};
			buildConfigurationList = 59D62AE5295A75ED00325068 /* Build configuration list for PBXProject "RickAndMorty" */;
			compatibilityVersion = "Xcode 14.0";
			developmentRegion = en;
			hasScannedForEncodings = 0;
			knownRegions = (
				en,
				Base,
			);
			mainGroup = 59D62AE1295A75ED00325068;
			productRefGroup = 59D62AEB295A75ED00325068 /* Products */;
			projectDirPath = "";
			projectRoot = "";
			targets = (
				59D62AE9295A75ED00325068 /* RickAndMorty */,
			);
		};
/* End PBXProject section */

/* Begin PBXResourcesBuildPhase section */
		59D62AE8295A75ED00325068 /* Resources */ = {
			isa = PBXResourcesBuildPhase;
			buildActionMask = 2147483647;
			files = (
				59D62B29295A7FD000325068 /* RMLocationVC.xib in Resources */,
				59D62B19295A7C9400325068 /* RMCharacterVC.xib in Resources */,
				59D62B21295A7CCA00325068 /* RMEpisodeVC.xib in Resources */,
				59D62AFA295A75F000325068 /* LaunchScreen.storyboard in Resources */,
				59D62AF7295A75F000325068 /* Assets.xcassets in Resources */,
				59D62B25295A7CE800325068 /* RMSettingsVC.xib in Resources */,
			);
			runOnlyForDeploymentPostprocessing = 0;
		};
/* End PBXResourcesBuildPhase section */

/* Begin PBXSourcesBuildPhase section */
		59D62AE6295A75ED00325068 /* Sources */ = {
			isa = PBXSourcesBuildPhase;
			buildActionMask = 2147483647;
			files = (
				59D62B28295A7FD000325068 /* RMLocationVC.swift in Sources */,
				59D62B10295A7B6C00325068 /* RMCharacter.swift in Sources */,
				59D62AEE295A75ED00325068 /* AppDelegate.swift in Sources */,
				59D62B12295A7B8500325068 /* RMEpisode.swift in Sources */,
				59D62B18295A7C9400325068 /* RMCharacterVC.swift in Sources */,
				59D62B24295A7CE800325068 /* RMSettingsVC.swift in Sources */,
				59D62B14295A7BCD00325068 /* Tabbar.swift in Sources */,
				59D62B20295A7CCA00325068 /* RMEpisodeVC.swift in Sources */,
				59D62B0E295A7B5B00325068 /* RMLocation.swift in Sources */,
			);
			runOnlyForDeploymentPostprocessing = 0;
		};
/* End PBXSourcesBuildPhase section */

/* Begin PBXVariantGroup section */
		59D62AF8295A75F000325068 /* LaunchScreen.storyboard */ = {
			isa = PBXVariantGroup;
			children = (
				59D62AF9295A75F000325068 /* Base */,
			);
			name = LaunchScreen.storyboard;
			sourceTree = "<group>";
		};
/* End PBXVariantGroup section */

/* Begin XCBuildConfiguration section */
		59D62AFC295A75F000325068 /* Debug */ = {
			isa = XCBuildConfiguration;
			buildSettings = {
				ALWAYS_SEARCH_USER_PATHS = NO;
				CLANG_ANALYZER_NONNULL = YES;
				CLANG_ANALYZER_NUMBER_OBJECT_CONVERSION = YES_AGGRESSIVE;
				CLANG_CXX_LANGUAGE_STANDARD = "gnu++20";
				CLANG_ENABLE_MODULES = YES;
				CLANG_ENABLE_OBJC_ARC = YES;
				CLANG_ENABLE_OBJC_WEAK = YES;
				CLANG_WARN_BLOCK_CAPTURE_AUTORELEASING = YES;
				CLANG_WARN_BOOL_CONVERSION = YES;
				CLANG_WARN_COMMA = YES;
				CLANG_WARN_CONSTANT_CONVERSION = YES;
				CLANG_WARN_DEPRECATED_OBJC_IMPLEMENTATIONS = YES;
				CLANG_WARN_DIRECT_OBJC_ISA_USAGE = YES_ERROR;
				CLANG_WARN_DOCUMENTATION_COMMENTS = YES;
				CLANG_WARN_EMPTY_BODY = YES;
				CLANG_WARN_ENUM_CONVERSION = YES;
				CLANG_WARN_INFINITE_RECURSION = YES;
				CLANG_WARN_INT_CONVERSION = YES;
				CLANG_WARN_NON_LITERAL_NULL_CONVERSION = YES;
				CLANG_WARN_OBJC_IMPLICIT_RETAIN_SELF = YES;
				CLANG_WARN_OBJC_LITERAL_CONVERSION = YES;
				CLANG_WARN_OBJC_ROOT_CLASS = YES_ERROR;
				CLANG_WARN_QUOTED_INCLUDE_IN_FRAMEWORK_HEADER = YES;
				CLANG_WARN_RANGE_LOOP_ANALYSIS = YES;
				CLANG_WARN_STRICT_PROTOTYPES = YES;
				CLANG_WARN_SUSPICIOUS_MOVE = YES;
				CLANG_WARN_UNGUARDED_AVAILABILITY = YES_AGGRESSIVE;
				CLANG_WARN_UNREACHABLE_CODE = YES;
				CLANG_WARN__DUPLICATE_METHOD_MATCH = YES;
				COPY_PHASE_STRIP = NO;
				DEBUG_INFORMATION_FORMAT = dwarf;
				ENABLE_STRICT_OBJC_MSGSEND = YES;
				ENABLE_TESTABILITY = YES;
				GCC_C_LANGUAGE_STANDARD = gnu11;
				GCC_DYNAMIC_NO_PIC = NO;
				GCC_NO_COMMON_BLOCKS = YES;
				GCC_OPTIMIZATION_LEVEL = 0;
				GCC_PREPROCESSOR_DEFINITIONS = (
					"DEBUG=1",
					"$(inherited)",
				);
				GCC_WARN_64_TO_32_BIT_CONVERSION = YES;
				GCC_WARN_ABOUT_RETURN_TYPE = YES_ERROR;
				GCC_WARN_UNDECLARED_SELECTOR = YES;
				GCC_WARN_UNINITIALIZED_AUTOS = YES_AGGRESSIVE;
				GCC_WARN_UNUSED_FUNCTION = YES;
				GCC_WARN_UNUSED_VARIABLE = YES;
				IPHONEOS_DEPLOYMENT_TARGET = 16.0;
				MTL_ENABLE_DEBUG_INFO = INCLUDE_SOURCE;
				MTL_FAST_MATH = YES;
				ONLY_ACTIVE_ARCH = YES;
				SDKROOT = iphoneos;
				SWIFT_ACTIVE_COMPILATION_CONDITIONS = DEBUG;
				SWIFT_OPTIMIZATION_LEVEL = "-Onone";
			};
			name = Debug;
		};
		59D62AFD295A75F000325068 /* Release */ = {
			isa = XCBuildConfiguration;
			buildSettings = {
				ALWAYS_SEARCH_USER_PATHS = NO;
				CLANG_ANALYZER_NONNULL = YES;
				CLANG_ANALYZER_NUMBER_OBJECT_CONVERSION = YES_AGGRESSIVE;
				CLANG_CXX_LANGUAGE_STANDARD = "gnu++20";
				CLANG_ENABLE_MODULES = YES;
				CLANG_ENABLE_OBJC_ARC = YES;
				CLANG_ENABLE_OBJC_WEAK = YES;
				CLANG_WARN_BLOCK_CAPTURE_AUTORELEASING = YES;
				CLANG_WARN_BOOL_CONVERSION = YES;
				CLANG_WARN_COMMA = YES;
				CLANG_WARN_CONSTANT_CONVERSION = YES;
				CLANG_WARN_DEPRECATED_OBJC_IMPLEMENTATIONS = YES;
				CLANG_WARN_DIRECT_OBJC_ISA_USAGE = YES_ERROR;
				CLANG_WARN_DOCUMENTATION_COMMENTS = YES;
				CLANG_WARN_EMPTY_BODY = YES;
				CLANG_WARN_ENUM_CONVERSION = YES;
				CLANG_WARN_INFINITE_RECURSION = YES;
				CLANG_WARN_INT_CONVERSION = YES;
				CLANG_WARN_NON_LITERAL_NULL_CONVERSION = YES;
				CLANG_WARN_OBJC_IMPLICIT_RETAIN_SELF = YES;
				CLANG_WARN_OBJC_LITERAL_CONVERSION = YES;
				CLANG_WARN_OBJC_ROOT_CLASS = YES_ERROR;
				CLANG_WARN_QUOTED_INCLUDE_IN_FRAMEWORK_HEADER = YES;
				CLANG_WARN_RANGE_LOOP_ANALYSIS = YES;
				CLANG_WARN_STRICT_PROTOTYPES = YES;
				CLANG_WARN_SUSPICIOUS_MOVE = YES;
				CLANG_WARN_UNGUARDED_AVAILABILITY = YES_AGGRESSIVE;
				CLANG_WARN_UNREACHABLE_CODE = YES;
				CLANG_WARN__DUPLICATE_METHOD_MATCH = YES;
				COPY_PHASE_STRIP = NO;
				DEBUG_INFORMATION_FORMAT = "dwarf-with-dsym";
				ENABLE_NS_ASSERTIONS = NO;
				ENABLE_STRICT_OBJC_MSGSEND = YES;
				GCC_C_LANGUAGE_STANDARD = gnu11;
				GCC_NO_COMMON_BLOCKS = YES;
				GCC_WARN_64_TO_32_BIT_CONVERSION = YES;
				GCC_WARN_ABOUT_RETURN_TYPE = YES_ERROR;
				GCC_WARN_UNDECLARED_SELECTOR = YES;
				GCC_WARN_UNINITIALIZED_AUTOS = YES_AGGRESSIVE;
				GCC_WARN_UNUSED_FUNCTION = YES;
				GCC_WARN_UNUSED_VARIABLE = YES;
				IPHONEOS_DEPLOYMENT_TARGET = 16.0;
				MTL_ENABLE_DEBUG_INFO = NO;
				MTL_FAST_MATH = YES;
				SDKROOT = iphoneos;
				SWIFT_COMPILATION_MODE = wholemodule;
				SWIFT_OPTIMIZATION_LEVEL = "-O";
				VALIDATE_PRODUCT = YES;
			};
			name = Release;
		};
		59D62AFF295A75F000325068 /* Debug */ = {
			isa = XCBuildConfiguration;
			buildSettings = {
				ASSETCATALOG_COMPILER_APPICON_NAME = AppIcon;
				ASSETCATALOG_COMPILER_GLOBAL_ACCENT_COLOR_NAME = AccentColor;
				CODE_SIGN_STYLE = Automatic;
				CURRENT_PROJECT_VERSION = 1;
				GENERATE_INFOPLIST_FILE = YES;
				INFOPLIST_FILE = RickAndMorty/Info.plist;
				INFOPLIST_KEY_UIApplicationSupportsIndirectInputEvents = YES;
				INFOPLIST_KEY_UILaunchStoryboardName = LaunchScreen;
				INFOPLIST_KEY_UISupportedInterfaceOrientations_iPad = "UIInterfaceOrientationPortrait UIInterfaceOrientationPortraitUpsideDown UIInterfaceOrientationLandscapeLeft UIInterfaceOrientationLandscapeRight";
				INFOPLIST_KEY_UISupportedInterfaceOrientations_iPhone = "UIInterfaceOrientationPortrait UIInterfaceOrientationLandscapeLeft UIInterfaceOrientationLandscapeRight";
				LD_RUNPATH_SEARCH_PATHS = (
					"$(inherited)",
					"@executable_path/Frameworks",
				);
				MARKETING_VERSION = 1.0;
				PRODUCT_BUNDLE_IDENTIFIER = devxon.RickAndMorty;
				PRODUCT_NAME = "$(TARGET_NAME)";
				SWIFT_EMIT_LOC_STRINGS = YES;
				SWIFT_VERSION = 5.0;
				TARGETED_DEVICE_FAMILY = "1,2";
			};
			name = Debug;
		};
		59D62B00295A75F000325068 /* Release */ = {
			isa = XCBuildConfiguration;
			buildSettings = {
				ASSETCATALOG_COMPILER_APPICON_NAME = AppIcon;
				ASSETCATALOG_COMPILER_GLOBAL_ACCENT_COLOR_NAME = AccentColor;
				CODE_SIGN_STYLE = Automatic;
				CURRENT_PROJECT_VERSION = 1;
				GENERATE_INFOPLIST_FILE = YES;
				INFOPLIST_FILE = RickAndMorty/Info.plist;
				INFOPLIST_KEY_UIApplicationSupportsIndirectInputEvents = YES;
				INFOPLIST_KEY_UILaunchStoryboardName = LaunchScreen;
				INFOPLIST_KEY_UISupportedInterfaceOrientations_iPad = "UIInterfaceOrientationPortrait UIInterfaceOrientationPortraitUpsideDown UIInterfaceOrientationLandscapeLeft UIInterfaceOrientationLandscapeRight";
				INFOPLIST_KEY_UISupportedInterfaceOrientations_iPhone = "UIInterfaceOrientationPortrait UIInterfaceOrientationLandscapeLeft UIInterfaceOrientationLandscapeRight";
				LD_RUNPATH_SEARCH_PATHS = (
					"$(inherited)",
					"@executable_path/Frameworks",
				);
				MARKETING_VERSION = 1.0;
				PRODUCT_BUNDLE_IDENTIFIER = devxon.RickAndMorty;
				PRODUCT_NAME = "$(TARGET_NAME)";
				SWIFT_EMIT_LOC_STRINGS = YES;
				SWIFT_VERSION = 5.0;
				TARGETED_DEVICE_FAMILY = "1,2";
			};
			name = Release;
		};
/* End XCBuildConfiguration section */

/* Begin XCConfigurationList section */
		59D62AE5295A75ED00325068 /* Build configuration list for PBXProject "RickAndMorty" */ = {
			isa = XCConfigurationList;
			buildConfigurations = (
				59D62AFC295A75F000325068 /* Debug */,
				59D62AFD295A75F000325068 /* Release */,
			);
			defaultConfigurationIsVisible = 0;
			defaultConfigurationName = Release;
		};
		59D62AFE295A75F000325068 /* Build configuration list for PBXNativeTarget "RickAndMorty" */ = {
			isa = XCConfigurationList;
			buildConfigurations = (
				59D62AFF295A75F000325068 /* Debug */,
				59D62B00295A75F000325068 /* Release */,
			);
			defaultConfigurationIsVisible = 0;
			defaultConfigurationName = Release;
		};
/* End XCConfigurationList section */
	};
	rootObject = 59D62AE2295A75ED00325068 /* Project object */;
}
